
Microsoft Visual Studio Solution File, Format Version 12.00
# Visual Studio 15
VisualStudioVersion = 15.0.27703.2026
MinimumVisualStudioVersion = 10.0.40219.1
Project("{8BC9CEB8-8B4A-11D0-8D11-00A0C91BC942}") = "CPPSTUDY", "CPPSTUDY\CPPSTUDY.vcxproj", "{EA3E9AA1-EBAD-467E-AC54-546C9C5D1B82}"
EndProject
Project("{8BC9CEB8-8B4A-11D0-8D11-00A0C91BC942}") = "TCP_client", "Server\Server.vcxproj", "{FEFDCC0C-C21D-40E1-AE73-968A2D0F1AC4}"
EndProject
Project("{8BC9CEB8-8B4A-11D0-8D11-00A0C91BC942}") = "TestProject", "TestProject\TestProject.vcxproj", "{9B2F0B30-BC04-483F-9A48-1FC67BFA0A85}"
EndProject
Project("{8BC9CEB8-8B4A-11D0-8D11-00A0C91BC942}") = "TCP_server", "TCP_server\TCP_server.vcxproj", "{24D5616F-CC8A-4EC6-B5F5-937469CE71D9}"
EndProject
Global
	GlobalSection(SolutionConfigurationPlatforms) = preSolution
		Debug|x64 = Debug|x64
		Debug|x86 = Debug|x86
		Release|x64 = Release|x64
		Release|x86 = Release|x86
	EndGlobalSection
	GlobalSection(ProjectConfigurationPlatforms) = postSolution
		{EA3E9AA1-EBAD-467E-AC54-546C9C5D1B82}.Debug|x64.ActiveCfg = Debug|x64
		{EA3E9AA1-EBAD-467E-AC54-546C9C5D1B82}.Debug|x64.Build.0 = Debug|x64
		{EA3E9AA1-EBAD-467E-AC54-546C9C5D1B82}.Debug|x86.ActiveCfg = Debug|Win32
		{EA3E9AA1-EBAD-467E-AC54-546C9C5D1B82}.Debug|x86.Build.0 = Debug|Win32
		{EA3E9AA1-EBAD-467E-AC54-546C9C5D1B82}.Release|x64.ActiveCfg = Release|x64
		{EA3E9AA1-EBAD-467E-AC54-546C9C5D1B82}.Release|x64.Build.0 = Release|x64
		{EA3E9AA1-EBAD-467E-AC54-546C9C5D1B82}.Release|x86.ActiveCfg = Release|Win32
		{EA3E9AA1-EBAD-467E-AC54-546C9C5D1B82}.Release|x86.Build.0 = Release|Win32
		{FEFDCC0C-C21D-40E1-AE73-968A2D0F1AC4}.Debug|x64.ActiveCfg = Debug|x64
		{FEFDCC0C-C21D-40E1-AE73-968A2D0F1AC4}.Debug|x64.Build.0 = Debug|x64
		{FEFDCC0C-C21D-40E1-AE73-968A2D0F1AC4}.Debug|x86.ActiveCfg = Debug|Win32
		{FEFDCC0C-C21D-40E1-AE73-968A2D0F1AC4}.Debug|x86.Build.0 = Debug|Win32
		{FEFDCC0C-C21D-40E1-AE73-968A2D0F1AC4}.Release|x64.ActiveCfg = Release|x64
		{FEFDCC0C-C21D-40E1-AE73-968A2D0F1AC4}.Release|x64.Build.0 = Release|x64
		{FEFDCC0C-C21D-40E1-AE73-968A2D0F1AC4}.Release|x86.ActiveCfg = Release|Win32
		{FEFDCC0C-C21D-40E1-AE73-968A2D0F1AC4}.Release|x86.Build.0 = Release|Win32
		{9B2F0B30-BC04-483F-9A48-1FC67BFA0A85}.Debug|x64.ActiveCfg = Debug|x64
		{9B2F0B30-BC04-483F-9A48-1FC67BFA0A85}.Debug|x64.Build.0 = Debug|x64
		{9B2F0B30-BC04-483F-9A48-1FC67BFA0A85}.Debug|x86.ActiveCfg = Debug|Win32
		{9B2F0B30-BC04-483F-9A48-1FC67BFA0A85}.Debug|x86.Build.0 = Debug|Win32
		{9B2F0B30-BC04-483F-9A48-1FC67BFA0A85}.Release|x64.ActiveCfg = Release|x64
		{9B2F0B30-BC04-483F-9A48-1FC67BFA0A85}.Release|x64.Build.0 = Release|x64
		{9B2F0B30-BC04-483F-9A48-1FC67BFA0A85}.Release|x86.ActiveCfg = Release|Win32
		{9B2F0B30-BC04-483F-9A48-1FC67BFA0A85}.Release|x86.Build.0 = Release|Win32
		{24D5616F-CC8A-4EC6-B5F5-937469CE71D9}.Debug|x64.ActiveCfg = Debug|x64
		{24D5616F-CC8A-4EC6-B5F5-937469CE71D9}.Debug|x64.Build.0 = Debug|x64
		{24D5616F-CC8A-4EC6-B5F5-937469CE71D9}.Debug|x86.ActiveCfg = Debug|Win32
		{24D5616F-CC8A-4EC6-B5F5-937469CE71D9}.Debug|x86.Build.0 = Debug|Win32
		{24D5616F-CC8A-4EC6-B5F5-937469CE71D9}.Release|x64.ActiveCfg = Release|x64
		{24D5616F-CC8A-4EC6-B5F5-937469CE71D9}.Release|x64.Build.0 = Release|x64
		{24D5616F-CC8A-4EC6-B5F5-937469CE71D9}.Release|x86.ActiveCfg = Release|Win32
		{24D5616F-CC8A-4EC6-B5F5-937469CE71D9}.Release|x86.Build.0 = Release|Win32
	EndGlobalSection
	GlobalSection(SolutionProperties) = preSolution
		HideSolutionNode = FALSE
	EndGlobalSection
	GlobalSection(ExtensibilityGlobals) = postSolution
		SolutionGuid = {8458E424-9B05-4090-B802-FF55D160724F}
	EndGlobalSection
EndGlobal
