<?xml version="1.0" encoding="utf-8"?>
<Project ToolsVersion="4.0" xmlns="http://schemas.microsoft.com/developer/msbuild/2003">
  <ItemGroup>
    <Filter Include="소스 파일">
      <UniqueIdentifier>{4FC737F1-C7A5-4376-A066-2A32D752A2FF}</UniqueIdentifier>
      <Extensions>cpp;c;cc;cxx;def;odl;idl;hpj;bat;asm;asmx</Extensions>
    </Filter>
    <Filter Include="헤더 파일">
      <UniqueIdentifier>{93995380-89BD-4b04-88EB-625FBE52EBFB}</UniqueIdentifier>
      <Extensions>h;hh;hpp;hxx;hm;inl;inc;ipp;xsd</Extensions>
    </Filter>
    <Filter Include="리소스 파일">
      <UniqueIdentifier>{67DA6AB6-F800-4c08-8B7A-83BB121AAD01}</UniqueIdentifier>
      <Extensions>rc;ico;cur;bmp;dlg;rc2;rct;bin;rgs;gif;jpg;jpeg;jpe;resx;tiff;tif;png;wav;mfcribbon-ms</Extensions>
    </Filter>
    <Filter Include="LinkedListStack">
      <UniqueIdentifier>{a766e691-c863-4b90-be3a-179af8d7e28c}</UniqueIdentifier>
    </Filter>
    <Filter Include="ObjectPool">
      <UniqueIdentifier>{52f723ae-4cca-47c4-98a8-2d27bf5603e5}</UniqueIdentifier>
    </Filter>
    <Filter Include="ArrayStack">
      <UniqueIdentifier>{1d4acc69-62e7-4409-8853-bba203fef07d}</UniqueIdentifier>
    </Filter>
    <Filter Include="HomeWork">
      <UniqueIdentifier>{83a5b58b-3221-4018-af72-90574e9490ba}</UniqueIdentifier>
    </Filter>
    <Filter Include="ArrayQueue">
      <UniqueIdentifier>{8d213734-bdca-495e-bc13-2fcd004e7668}</UniqueIdentifier>
    </Filter>
    <Filter Include="FixedDeque">
      <UniqueIdentifier>{cd702812-cd3a-4c7f-959a-1851274af56f}</UniqueIdentifier>
    </Filter>
    <Filter Include="SortAlgorithm">
      <UniqueIdentifier>{4e4a85ba-45e9-4788-a79a-b0501308e87a}</UniqueIdentifier>
    </Filter>
  </ItemGroup>
  <ItemGroup>
    <ClInclude Include="targetver.h">
      <Filter>헤더 파일</Filter>
    </ClInclude>
    <ClInclude Include="CLASSCAR.h">
      <Filter>헤더 파일</Filter>
    </ClInclude>
    <ClInclude Include="Calculator.h">
      <Filter>헤더 파일</Filter>
    </ClInclude>
    <ClInclude Include="MyString.h">
      <Filter>헤더 파일</Filter>
    </ClInclude>
    <ClInclude Include="Single_Linked_List.h">
      <Filter>헤더 파일</Filter>
    </ClInclude>
    <ClInclude Include="Double_Linked_List.h">
      <Filter>헤더 파일</Filter>
    </ClInclude>
    <ClInclude Include="Vector_List.h">
      <Filter>헤더 파일</Filter>
    </ClInclude>
    <ClInclude Include="Stack.h">
      <Filter>헤더 파일</Filter>
    </ClInclude>
    <ClInclude Include="Queue.h">
      <Filter>헤더 파일</Filter>
    </ClInclude>
    <ClInclude Include="MyTree.h">
      <Filter>헤더 파일</Filter>
    </ClInclude>
    <ClInclude Include="MyHash.h">
      <Filter>헤더 파일</Filter>
    </ClInclude>
    <ClInclude Include="MyCriticalSection.h">
      <Filter>헤더 파일</Filter>
    </ClInclude>
    <ClInclude Include="myLock_Guard.h">
      <Filter>헤더 파일</Filter>
    </ClInclude>
    <ClInclude Include="LLStack.h">
      <Filter>LinkedListStack</Filter>
    </ClInclude>
    <ClInclude Include="StackObjPool.h">
      <Filter>ObjectPool</Filter>
    </ClInclude>
    <ClInclude Include="ArrStack.h">
      <Filter>ArrayStack</Filter>
    </ClInclude>
    <ClInclude Include="stdafx.h">
      <Filter>헤더 파일</Filter>
    </ClInclude>
    <ClInclude Include="ListObjPool.h">
      <Filter>ObjectPool</Filter>
    </ClInclude>
    <ClInclude Include="VectorObjPool.h">
      <Filter>ObjectPool</Filter>
    </ClInclude>
    <ClInclude Include="ArrayQueue.h">
      <Filter>ArrayQueue</Filter>
    </ClInclude>
    <ClInclude Include="FixedDeque.h">
      <Filter>FixedDeque</Filter>
    </ClInclude>
  </ItemGroup>
  <ItemGroup>
    <ClCompile Include="stdafx.cpp">
      <Filter>소스 파일</Filter>
    </ClCompile>
    <ClCompile Include="CPPSTUDY.cpp">
      <Filter>소스 파일</Filter>
    </ClCompile>
    <ClCompile Include="CP0713.cpp">
      <Filter>소스 파일</Filter>
    </ClCompile>
    <ClCompile Include="car.cpp">
      <Filter>소스 파일</Filter>
    </ClCompile>
    <ClCompile Include="CLASSCARcpp.cpp">
      <Filter>소스 파일</Filter>
    </ClCompile>
    <ClCompile Include="RacingMain.cpp">
      <Filter>소스 파일</Filter>
    </ClCompile>
    <ClCompile Include="Calculator_main.cpp">
      <Filter>소스 파일</Filter>
    </ClCompile>
    <ClCompile Include="Calculator.cpp">
      <Filter>소스 파일</Filter>
    </ClCompile>
    <ClCompile Include="FruitSaleSim.cpp">
      <Filter>소스 파일</Filter>
    </ClCompile>
    <ClCompile Include="AccessFunc.cpp">
      <Filter>소스 파일</Filter>
    </ClCompile>
    <ClCompile Include="Circle.cpp">
      <Filter>소스 파일</Filter>
    </ClCompile>
    <ClCompile Include="VirtualDestructor.cpp">
      <Filter>소스 파일</Filter>
    </ClCompile>
    <ClCompile Include="MyString.cpp">
      <Filter>소스 파일</Filter>
    </ClCompile>
    <ClCompile Include="StrTest.cpp">
      <Filter>소스 파일</Filter>
    </ClCompile>
    <ClCompile Include="Single_Linked_List.cpp">
      <Filter>소스 파일</Filter>
    </ClCompile>
    <ClCompile Include="Double_Linked_List.cpp">
      <Filter>소스 파일</Filter>
    </ClCompile>
    <ClCompile Include="Vector_List.cpp">
      <Filter>소스 파일</Filter>
    </ClCompile>
    <ClCompile Include="Stack.cpp">
      <Filter>소스 파일</Filter>
    </ClCompile>
    <ClCompile Include="Queue.cpp">
      <Filter>소스 파일</Filter>
    </ClCompile>
    <ClCompile Include="dynamic_P.cpp">
      <Filter>소스 파일</Filter>
    </ClCompile>
    <ClCompile Include="Coding_Test.cpp">
      <Filter>소스 파일</Filter>
    </ClCompile>
    <ClCompile Include="MyTree.cpp">
      <Filter>소스 파일</Filter>
    </ClCompile>
    <ClCompile Include="MyHash.cpp">
      <Filter>소스 파일</Filter>
    </ClCompile>
    <ClCompile Include="inheritance_and_virtual.cpp">
      <Filter>소스 파일</Filter>
    </ClCompile>
    <ClCompile Include="MyCriticalSection.cpp">
      <Filter>소스 파일</Filter>
    </ClCompile>
    <ClCompile Include="myLock_Guard.cpp">
      <Filter>소스 파일</Filter>
    </ClCompile>
    <ClCompile Include="Smart_Ptr.cpp">
      <Filter>소스 파일</Filter>
    </ClCompile>
    <ClCompile Include="LLStack.cpp">
      <Filter>LinkedListStack</Filter>
    </ClCompile>
    <ClCompile Include="StackObjPool.cpp">
      <Filter>ObjectPool</Filter>
    </ClCompile>
    <ClCompile Include="ArrStack.cpp">
      <Filter>ArrayStack</Filter>
    </ClCompile>
    <ClCompile Include="StringMigration.cpp">
      <Filter>HomeWork</Filter>
    </ClCompile>
    <ClCompile Include="test.cpp">
      <Filter>ObjectPool</Filter>
    </ClCompile>
    <ClCompile Include="ListObjPool.cpp">
      <Filter>ObjectPool</Filter>
    </ClCompile>
    <ClCompile Include="VectorObjPool.cpp">
      <Filter>ObjectPool</Filter>
    </ClCompile>
    <ClCompile Include="TestProject.cpp">
      <Filter>소스 파일</Filter>
    </ClCompile>
    <ClCompile Include="algo%28퀵소트%29.cpp">
      <Filter>소스 파일</Filter>
    </ClCompile>
    <ClCompile Include="nothing.cpp">
      <Filter>소스 파일</Filter>
    </ClCompile>
    <ClCompile Include="nono.cpp">
      <Filter>소스 파일</Filter>
    </ClCompile>
    <ClCompile Include="C:\Users\yeon\Desktop\MemoryManager.cpp">
      <Filter>소스 파일</Filter>
    </ClCompile>
    <ClCompile Include="ArrayQueue.cpp">
      <Filter>ArrayQueue</Filter>
    </ClCompile>
    <ClCompile Include="FixedDeque.cpp">
      <Filter>FixedDeque</Filter>
    </ClCompile>
    <ClCompile Include="InsertionSort.cpp">
      <Filter>SortAlgorithm</Filter>
    </ClCompile>
    <ClCompile Include="SelectionSort.cpp">
      <Filter>SortAlgorithm</Filter>
    </ClCompile>
    <ClCompile Include="MergeSort.cpp">
      <Filter>SortAlgorithm</Filter>
    </ClCompile>
    <ClCompile Include="QuickSort.cpp">
      <Filter>SortAlgorithm</Filter>
    </ClCompile>
  </ItemGroup>
</Project>